// !$*UTF8*$!
{
	archiveVersion = 1;
	classes = {
	};
	objectVersion = 46;
	objects = {

/* Begin PBXBuildFile section */
		C54173DD1BFC1F5C001B6BE5 /* main.m in Sources */ = {isa = PBXBuildFile; fileRef = C54173DC1BFC1F5C001B6BE5 /* main.m */; };
		C54173E01BFC1F5C001B6BE5 /* AppDelegate.m in Sources */ = {isa = PBXBuildFile; fileRef = C54173DF1BFC1F5C001B6BE5 /* AppDelegate.m */; };
		C54173E61BFC1F5C001B6BE5 /* Main.storyboard in Resources */ = {isa = PBXBuildFile; fileRef = C54173E41BFC1F5C001B6BE5 /* Main.storyboard */; };
		C54173E81BFC1F5C001B6BE5 /* Assets.xcassets in Resources */ = {isa = PBXBuildFile; fileRef = C54173E71BFC1F5C001B6BE5 /* Assets.xcassets */; };
		C54173EB1BFC1F5C001B6BE5 /* LaunchScreen.storyboard in Resources */ = {isa = PBXBuildFile; fileRef = C54173E91BFC1F5C001B6BE5 /* LaunchScreen.storyboard */; };
		C54173F41BFC22DD001B6BE5 /* TableViewController.m in Sources */ = {isa = PBXBuildFile; fileRef = C54173F31BFC22DD001B6BE5 /* TableViewController.m */; };
		C54173F71BFC22F9001B6BE5 /* CustomTableViewCell.m in Sources */ = {isa = PBXBuildFile; fileRef = C54173F61BFC22F9001B6BE5 /* CustomTableViewCell.m */; };
		C54173FA1BFC235B001B6BE5 /* TableData.m in Sources */ = {isa = PBXBuildFile; fileRef = C54173F91BFC235B001B6BE5 /* TableData.m */; };
/* End PBXBuildFile section */

/* Begin PBXFileReference section */
		C54173D81BFC1F5C001B6BE5 /* Sobrepeso.app */ = {isa = PBXFileReference; explicitFileType = wrapper.application; includeInIndex = 0; path = Sobrepeso.app; sourceTree = BUILT_PRODUCTS_DIR; };
		C54173DC1BFC1F5C001B6BE5 /* main.m */ = {isa = PBXFileReference; lastKnownFileType = sourcecode.c.objc; path = main.m; sourceTree = "<group>"; };
		C54173DE1BFC1F5C001B6BE5 /* AppDelegate.h */ = {isa = PBXFileReference; lastKnownFileType = sourcecode.c.h; path = AppDelegate.h; sourceTree = "<group>"; };
		C54173DF1BFC1F5C001B6BE5 /* AppDelegate.m */ = {isa = PBXFileReference; lastKnownFileType = sourcecode.c.objc; path = AppDelegate.m; sourceTree = "<group>"; };
		C54173E51BFC1F5C001B6BE5 /* Base */ = {isa = PBXFileReference; lastKnownFileType = file.storyboard; name = Base; path = Base.lproj/Main.storyboard; sourceTree = "<group>"; };
		C54173E71BFC1F5C001B6BE5 /* Assets.xcassets */ = {isa = PBXFileReference; lastKnownFileType = folder.assetcatalog; path = Assets.xcassets; sourceTree = "<group>"; };
		C54173EA1BFC1F5C001B6BE5 /* Base */ = {isa = PBXFileReference; lastKnownFileType = file.storyboard; name = Base; path = Base.lproj/LaunchScreen.storyboard; sourceTree = "<group>"; };
		C54173EC1BFC1F5C001B6BE5 /* Info.plist */ = {isa = PBXFileReference; lastKnownFileType = text.plist.xml; path = Info.plist; sourceTree = "<group>"; };
		C54173F21BFC22DD001B6BE5 /* TableViewController.h */ = {isa = PBXFileReference; fileEncoding = 4; lastKnownFileType = sourcecode.c.h; path = TableViewController.h; sourceTree = "<group>"; };
		C54173F31BFC22DD001B6BE5 /* TableViewController.m */ = {isa = PBXFileReference; fileEncoding = 4; lastKnownFileType = sourcecode.c.objc; path = TableViewController.m; sourceTree = "<group>"; };
		C54173F51BFC22F9001B6BE5 /* CustomTableViewCell.h */ = {isa = PBXFileReference; fileEncoding = 4; lastKnownFileType = sourcecode.c.h; path = CustomTableViewCell.h; sourceTree = "<group>"; };
		C54173F61BFC22F9001B6BE5 /* CustomTableViewCell.m */ = {isa = PBXFileReference; fileEncoding = 4; lastKnownFileType = sourcecode.c.objc; path = CustomTableViewCell.m; sourceTree = "<group>"; };
		C54173F81BFC235B001B6BE5 /* TableData.h */ = {isa = PBXFileReference; fileEncoding = 4; lastKnownFileType = sourcecode.c.h; path = TableData.h; sourceTree = "<group>"; };
		C54173F91BFC235B001B6BE5 /* TableData.m */ = {isa = PBXFileReference; fileEncoding = 4; lastKnownFileType = sourcecode.c.objc; path = TableData.m; sourceTree = "<group>"; };
/* End PBXFileReference section */

/* Begin PBXFrameworksBuildPhase section */
		C54173D51BFC1F5C001B6BE5 /* Frameworks */ = {
			isa = PBXFrameworksBuildPhase;
			buildActionMask = 2147483647;
			files = (
			);
			runOnlyForDeploymentPostprocessing = 0;
		};
/* End PBXFrameworksBuildPhase section */

/* Begin PBXGroup section */
		C54173CF1BFC1F5C001B6BE5 = {
			isa = PBXGroup;
			children = (
				C54173DA1BFC1F5C001B6BE5 /* Sobrepeso */,
				C54173D91BFC1F5C001B6BE5 /* Products */,
			);
			sourceTree = "<group>";
		};
		C54173D91BFC1F5C001B6BE5 /* Products */ = {
			isa = PBXGroup;
			children = (
				C54173D81BFC1F5C001B6BE5 /* Sobrepeso.app */,
			);
			name = Products;
			sourceTree = "<group>";
		};
		C54173DA1BFC1F5C001B6BE5 /* Sobrepeso */ = {
			isa = PBXGroup;
			children = (
				C54173E41BFC1F5C001B6BE5 /* Main.storyboard */,
				C54173E71BFC1F5C001B6BE5 /* Assets.xcassets */,
				C54173FD1BFC237D001B6BE5 /* Cell */,
				C54173FC1BFC2372001B6BE5 /* ViewController */,
				C54173FB1BFC2366001B6BE5 /* Model */,
				C54173DE1BFC1F5C001B6BE5 /* AppDelegate.h */,
				C54173DF1BFC1F5C001B6BE5 /* AppDelegate.m */,
				C54173E91BFC1F5C001B6BE5 /* LaunchScreen.storyboard */,
				C54173EC1BFC1F5C001B6BE5 /* Info.plist */,
				C54173DB1BFC1F5C001B6BE5 /* Supporting Files */,
			);
			path = Sobrepeso;
			sourceTree = "<group>";
		};
		C54173DB1BFC1F5C001B6BE5 /* Supporting Files */ = {
			isa = PBXGroup;
			children = (
				C54173DC1BFC1F5C001B6BE5 /* main.m */,
			);
			name = "Supporting Files";
			sourceTree = "<group>";
		};
		C54173FB1BFC2366001B6BE5 /* Model */ = {
			isa = PBXGroup;
			children = (
				C54173F81BFC235B001B6BE5 /* TableData.h */,
				C54173F91BFC235B001B6BE5 /* TableData.m */,
			);
			name = Model;
			sourceTree = "<group>";
		};
		C54173FC1BFC2372001B6BE5 /* ViewController */ = {
			isa = PBXGroup;
			children = (
				C54173F21BFC22DD001B6BE5 /* TableViewController.h */,
				C54173F31BFC22DD001B6BE5 /* TableViewController.m */,
			);
			name = ViewController;
			sourceTree = "<group>";
		};
		C54173FD1BFC237D001B6BE5 /* Cell */ = {
			isa = PBXGroup;
			children = (
				C54173F51BFC22F9001B6BE5 /* CustomTableViewCell.h */,
				C54173F61BFC22F9001B6BE5 /* CustomTableViewCell.m */,
			);
			name = Cell;
			sourceTree = "<group>";
		};
/* End PBXGroup section */

/* Begin PBXNativeTarget section */
		C54173D71BFC1F5C001B6BE5 /* Sobrepeso */ = {
			isa = PBXNativeTarget;
			buildConfigurationList = C54173EF1BFC1F5C001B6BE5 /* Build configuration list for PBXNativeTarget "Sobrepeso" */;
			buildPhases = (
				C54173D41BFC1F5C001B6BE5 /* Sources */,
				C54173D51BFC1F5C001B6BE5 /* Frameworks */,
				C54173D61BFC1F5C001B6BE5 /* Resources */,
			);
			buildRules = (
			);
			dependencies = (
			);
			name = Sobrepeso;
			productName = Sobrepeso;
			productReference = C54173D81BFC1F5C001B6BE5 /* Sobrepeso.app */;
			productType = "com.apple.product-type.application";
		};
/* End PBXNativeTarget section */

/* Begin PBXProject section */
		C54173D01BFC1F5C001B6BE5 /* Project object */ = {
			isa = PBXProject;
			attributes = {
				LastUpgradeCheck = 0710;
				ORGANIZATIONNAME = "Roger Oba";
				TargetAttributes = {
					C54173D71BFC1F5C001B6BE5 = {
						CreatedOnToolsVersion = 7.1.1;
					};
				};
			};
			buildConfigurationList = C54173D31BFC1F5C001B6BE5 /* Build configuration list for PBXProject "Sobrepeso" */;
			compatibilityVersion = "Xcode 3.2";
			developmentRegion = English;
			hasScannedForEncodings = 0;
			knownRegions = (
				en,
				Base,
			);
			mainGroup = C54173CF1BFC1F5C001B6BE5;
			productRefGroup = C54173D91BFC1F5C001B6BE5 /* Products */;
			projectDirPath = "";
			projectRoot = "";
			targets = (
				C54173D71BFC1F5C001B6BE5 /* Sobrepeso */,
			);
		};
/* End PBXProject section */

/* Begin PBXResourcesBuildPhase section */
		C54173D61BFC1F5C001B6BE5 /* Resources */ = {
			isa = PBXResourcesBuildPhase;
			buildActionMask = 2147483647;
			files = (
				C54173EB1BFC1F5C001B6BE5 /* LaunchScreen.storyboard in Resources */,
				C54173E81BFC1F5C001B6BE5 /* Assets.xcassets in Resources */,
				C54173E61BFC1F5C001B6BE5 /* Main.storyboard in Resources */,
			);
			runOnlyForDeploymentPostprocessing = 0;
		};
/* End PBXResourcesBuildPhase section */

/* Begin PBXSourcesBuildPhase section */
		C54173D41BFC1F5C001B6BE5 /* Sources */ = {
			isa = PBXSourcesBuildPhase;
			buildActionMask = 2147483647;
			files = (
				C54173FA1BFC235B001B6BE5 /* TableData.m in Sources */,
				C54173E01BFC1F5C001B6BE5 /* AppDelegate.m in Sources */,
				C54173F41BFC22DD001B6BE5 /* TableViewController.m in Sources */,
				C54173F71BFC22F9001B6BE5 /* CustomTableViewCell.m in Sources */,
				C54173DD1BFC1F5C001B6BE5 /* main.m in Sources */,
			);
			runOnlyForDeploymentPostprocessing = 0;
		};
/* End PBXSourcesBuildPhase section */

/* Begin PBXVariantGroup section */
		C54173E41BFC1F5C001B6BE5 /* Main.storyboard */ = {
			isa = PBXVariantGroup;
			children = (
				C54173E51BFC1F5C001B6BE5 /* Base */,
			);
			name = Main.storyboard;
			sourceTree = "<group>";
		};
		C54173E91BFC1F5C001B6BE5 /* LaunchScreen.storyboard */ = {
			isa = PBXVariantGroup;
			children = (
				C54173EA1BFC1F5C001B6BE5 /* Base */,
			);
			name = LaunchScreen.storyboard;
			sourceTree = "<group>";
		};
/* End PBXVariantGroup section */

/* Begin XCBuildConfiguration section */
		C54173ED1BFC1F5C001B6BE5 /* Debug */ = {
			isa = XCBuildConfiguration;
			buildSettings = {
				ALWAYS_SEARCH_USER_PATHS = NO;
				CLANG_CXX_LANGUAGE_STANDARD = "gnu++0x";
				CLANG_CXX_LIBRARY = "libc++";
				CLANG_ENABLE_MODULES = YES;
				CLANG_ENABLE_OBJC_ARC = YES;
				CLANG_WARN_BOOL_CONVERSION = YES;
				CLANG_WARN_CONSTANT_CONVERSION = YES;
				CLANG_WARN_DIRECT_OBJC_ISA_USAGE = YES_ERROR;
				CLANG_WARN_EMPTY_BODY = YES;
				CLANG_WARN_ENUM_CONVERSION = YES;
				CLANG_WARN_INT_CONVERSION = YES;
				CLANG_WARN_OBJC_ROOT_CLASS = YES_ERROR;
				CLANG_WARN_UNREACHABLE_CODE = YES;
				CLANG_WARN__DUPLICATE_METHOD_MATCH = YES;
				"CODE_SIGN_IDENTITY[sdk=iphoneos*]" = "iPhone Developer";
				COPY_PHASE_STRIP = NO;
				DEBUG_INFORMATION_FORMAT = dwarf;
				ENABLE_STRICT_OBJC_MSGSEND = YES;
				ENABLE_TESTABILITY = YES;
				GCC_C_LANGUAGE_STANDARD = gnu99;
				GCC_DYNAMIC_NO_PIC = NO;
				GCC_NO_COMMON_BLOCKS = YES;
				GCC_OPTIMIZATION_LEVEL = 0;
				GCC_PREPROCESSOR_DEFINITIONS = (
					"DEBUG=1",
					"$(inherited)",
				);
				GCC_WARN_64_TO_32_BIT_CONVERSION = YES;
				GCC_WARN_ABOUT_RETURN_TYPE = YES_ERROR;
				GCC_WARN_UNDECLARED_SELECTOR = YES;
				GCC_WARN_UNINITIALIZED_AUTOS = YES_AGGRESSIVE;
				GCC_WARN_UNUSED_FUNCTION = YES;
				GCC_WARN_UNUSED_VARIABLE = YES;
				IPHONEOS_DEPLOYMENT_TARGET = 9.1;
				MTL_ENABLE_DEBUG_INFO = YES;
				ONLY_ACTIVE_ARCH = YES;
				SDKROOT = iphoneos;
				TARGETED_DEVICE_FAMILY = "1,2";
			};
			name = Debug;
		};
		C54173EE1BFC1F5C001B6BE5 /* Release */ = {
			isa = XCBuildConfiguration;
			buildSettings = {
				ALWAYS_SEARCH_USER_PATHS = NO;
				CLANG_CXX_LANGUAGE_STANDARD = "gnu++0x";
				CLANG_CXX_LIBRARY = "libc++";
				CLANG_ENABLE_MODULES = YES;
				CLANG_ENABLE_OBJC_ARC = YES;
				CLANG_WARN_BOOL_CONVERSION = YES;
				CLANG_WARN_CONSTANT_CONVERSION = YES;
				CLANG_WARN_DIRECT_OBJC_ISA_USAGE = YES_ERROR;
				CLANG_WARN_EMPTY_BODY = YES;
				CLANG_WARN_ENUM_CONVERSION = YES;
				CLANG_WARN_INT_CONVERSION = YES;
				CLANG_WARN_OBJC_ROOT_CLASS = YES_ERROR;
				CLANG_WARN_UNREACHABLE_CODE = YES;
				CLANG_WARN__DUPLICATE_METHOD_MATCH = YES;
				"CODE_SIGN_IDENTITY[sdk=iphoneos*]" = "iPhone Developer";
				COPY_PHASE_STRIP = NO;
				DEBUG_INFORMATION_FORMAT = "dwarf-with-dsym";
				ENABLE_NS_ASSERTIONS = NO;
				ENABLE_STRICT_OBJC_MSGSEND = YES;
				GCC_C_LANGUAGE_STANDARD = gnu99;
				GCC_NO_COMMON_BLOCKS = YES;
				GCC_WARN_64_TO_32_BIT_CONVERSION = YES;
				GCC_WARN_ABOUT_RETURN_TYPE = YES_ERROR;
				GCC_WARN_UNDECLARED_SELECTOR = YES;
				GCC_WARN_UNINITIALIZED_AUTOS = YES_AGGRESSIVE;
				GCC_WARN_UNUSED_FUNCTION = YES;
				GCC_WARN_UNUSED_VARIABLE = YES;
				IPHONEOS_DEPLOYMENT_TARGET = 9.1;
				MTL_ENABLE_DEBUG_INFO = NO;
				SDKROOT = iphoneos;
				TARGETED_DEVICE_FAMILY = "1,2";
				VALIDATE_PRODUCT = YES;
			};
			name = Release;
		};
		C54173F01BFC1F5C001B6BE5 /* Debug */ = {
			isa = XCBuildConfiguration;
			buildSettings = {
				ASSETCATALOG_COMPILER_APPICON_NAME = AppIcon;
				INFOPLIST_FILE = Sobrepeso/Info.plist;
				IPHONEOS_DEPLOYMENT_TARGET = 8.0;
				LD_RUNPATH_SEARCH_PATHS = "$(inherited) @executable_path/Frameworks";
				PRODUCT_BUNDLE_IDENTIFIER = com.rogeroba.Sobrepeso;
				PRODUCT_NAME = "$(TARGET_NAME)";
			};
			name = Debug;
		};
		C54173F11BFC1F5C001B6BE5 /* Release */ = {
			isa = XCBuildConfiguration;
			buildSettings = {
				ASSETCATALOG_COMPILER_APPICON_NAME = AppIcon;
				INFOPLIST_FILE = Sobrepeso/Info.plist;
				IPHONEOS_DEPLOYMENT_TARGET = 8.0;
				LD_RUNPATH_SEARCH_PATHS = "$(inherited) @executable_path/Frameworks";
				PRODUCT_BUNDLE_IDENTIFIER = com.rogeroba.Sobrepeso;
				PRODUCT_NAME = "$(TARGET_NAME)";
			};
			name = Release;
		};
/* End XCBuildConfiguration section */

/* Begin XCConfigurationList section */
		C54173D31BFC1F5C001B6BE5 /* Build configuration list for PBXProject "Sobrepeso" */ = {
			isa = XCConfigurationList;
			buildConfigurations = (
				C54173ED1BFC1F5C001B6BE5 /* Debug */,
				C54173EE1BFC1F5C001B6BE5 /* Release */,
			);
			defaultConfigurationIsVisible = 0;
			defaultConfigurationName = Release;
		};
		C54173EF1BFC1F5C001B6BE5 /* Build configuration list for PBXNativeTarget "Sobrepeso" */ = {
			isa = XCConfigurationList;
			buildConfigurations = (
				C54173F01BFC1F5C001B6BE5 /* Debug */,
				C54173F11BFC1F5C001B6BE5 /* Release */,
			);
			defaultConfigurationIsVisible = 0;
			defaultConfigurationName = Release;
		};
/* End XCConfigurationList section */
	};
	rootObject = C54173D01BFC1F5C001B6BE5 /* Project object */;
}
